
Microsoft Visual Studio Solution File, Format Version 12.00
# Visual Studio 2015
Project("{FAE04EC0-301F-11D3-BF4B-00C04F79EFBC}") = "BalletKinectv2.CSharp.Plugins", "BalletKinectv2.CSharp.Plugins.csproj", "{352724AA-B361-CD91-2625-930F2E0119E4}"
EndProject
Project("{FAE04EC0-301F-11D3-BF4B-00C04F79EFBC}") = "BalletKinectv2.CSharp", "BalletKinectv2.CSharp.csproj", "{D9F8E3A2-BE50-A83C-A263-AA0C2DF5AE08}"
EndProject
Project("{FAE04EC0-301F-11D3-BF4B-00C04F79EFBC}") = "BalletKinectv2.CSharp.Editor.Plugins", "BalletKinectv2.CSharp.Editor.Plugins.csproj", "{D3F24DA0-A7DB-FFE8-2F04-4978795B086C}"
EndProject
Global
	GlobalSection(SolutionConfigurationPlatforms) = preSolution
		Debug|Any CPU = Debug|Any CPU
		Release|Any CPU = Release|Any CPU
	EndGlobalSection
	GlobalSection(ProjectConfigurationPlatforms) = postSolution
		{352724AA-B361-CD91-2625-930F2E0119E4}.Debug|Any CPU.ActiveCfg = Debug|Any CPU
		{352724AA-B361-CD91-2625-930F2E0119E4}.Debug|Any CPU.Build.0 = Debug|Any CPU
		{352724AA-B361-CD91-2625-930F2E0119E4}.Release|Any CPU.ActiveCfg = Release|Any CPU
		{352724AA-B361-CD91-2625-930F2E0119E4}.Release|Any CPU.Build.0 = Release|Any CPU
		{D9F8E3A2-BE50-A83C-A263-AA0C2DF5AE08}.Debug|Any CPU.ActiveCfg = Debug|Any CPU
		{D9F8E3A2-BE50-A83C-A263-AA0C2DF5AE08}.Debug|Any CPU.Build.0 = Debug|Any CPU
		{D9F8E3A2-BE50-A83C-A263-AA0C2DF5AE08}.Release|Any CPU.ActiveCfg = Release|Any CPU
		{D9F8E3A2-BE50-A83C-A263-AA0C2DF5AE08}.Release|Any CPU.Build.0 = Release|Any CPU
		{D3F24DA0-A7DB-FFE8-2F04-4978795B086C}.Debug|Any CPU.ActiveCfg = Debug|Any CPU
		{D3F24DA0-A7DB-FFE8-2F04-4978795B086C}.Debug|Any CPU.Build.0 = Debug|Any CPU
		{D3F24DA0-A7DB-FFE8-2F04-4978795B086C}.Release|Any CPU.ActiveCfg = Release|Any CPU
		{D3F24DA0-A7DB-FFE8-2F04-4978795B086C}.Release|Any CPU.Build.0 = Release|Any CPU
	EndGlobalSection
	GlobalSection(SolutionProperties) = preSolution
		HideSolutionNode = FALSE
	EndGlobalSection
EndGlobal
